# This file was autogenerated by Stack.
# You should not edit this file by hand.
# For more information, please see the documentation at:
#   https://docs.haskellstack.org/en/stable/lock_files

packages:
- completed:
    hackage: haskell-src-exts-1.21.1@sha256:11d18ec3f463185f81b7819376b532e3087f8192cffc629aac5c9eec88897b35,4541
    pantry-tree:
      size: 95170
      sha256: 487db8defe20a7c8bdf5b4a9a68ec616a4349bdb643f2dc7c9d71e1a6495c8c7
  original:
    hackage: haskell-src-exts-1.21.1
snapshots:
- completed:
    size: 617368
    url: https://raw.githubusercontent.com/commercialhaskell/stackage-snapshots/master/lts/19/3.yaml
    sha256: a209d3455279ee76eb45f01f73bbb960ceaaa8dfad8891435384689df4dcb653
  original: lts-19.3
