# This file was autogenerated by Stack.
# You should not edit this file by hand.
# For more information, please see the documentation at:
#   https://docs.haskellstack.org/en/stable/lock_files

packages:
- completed:
    hackage: haskell-src-exts-1.21.1@sha256:11d18ec3f463185f81b7819376b532e3087f8192cffc629aac5c9eec88897b35,4541
    pantry-tree:
      size: 95170
      sha256: 487db8defe20a7c8bdf5b4a9a68ec616a4349bdb643f2dc7c9d71e1a6495c8c7
  original:
    hackage: haskell-src-exts-1.21.1
- completed:
    hackage: optparse-applicative-0.16.0.0@sha256:de6f2a1be366a1f6db786883c605bbd121bbafbe41c4fff00a306672566b0e7f,4785
    pantry-tree:
      size: 2979
      sha256: fabeefe6fe000bbc1ba8d0a10e9452197e882f625937a8b6f40afec14d03eba4
  original:
    hackage: optparse-applicative-0.16.0.0
- completed:
    hackage: goldplate-0.2.0@sha256:0b691e2f6e36351106d8ab413191b4128dddd0ebe3525414b388cc43c279d7f2,1831
    pantry-tree:
      size: 391
      sha256: e6a168fd31785c1774ed797252a34be90d8d78113e5c0cd4fe69c7a2a41ee56d
  original:
    hackage: goldplate-0.2.0
snapshots:
- completed:
    size: 534126
    url: https://raw.githubusercontent.com/commercialhaskell/stackage-snapshots/master/lts/16/31.yaml
    sha256: 637fb77049b25560622a224845b7acfe81a09fdb6a96a3c75997a10b651667f6
  original: lts-16.31
